// !$*UTF8*$!
{
	archiveVersion = 1;
	classes = {
	};
	objectVersion = 42;
	objects = {

/* Begin PBXBuildFile section */
		18B684F506944F2000CC6A1E /* 4DPluginAPI.cpp in Sources */ = {isa = PBXBuildFile; fileRef = 18B684EE06944F2000CC6A1E /* 4DPluginAPI.cpp */; };
		18B684F706944F2000CC6A1E /* 4DPluginAPI.h in Headers */ = {isa = PBXBuildFile; fileRef = 18B684F006944F2000CC6A1E /* 4DPluginAPI.h */; };
		18B684F806944F2000CC6A1E /* EntryPoints.h in Headers */ = {isa = PBXBuildFile; fileRef = 18B684F106944F2000CC6A1E /* EntryPoints.h */; };
		18B684F906944F2000CC6A1E /* Flags.h in Headers */ = {isa = PBXBuildFile; fileRef = 18B684F206944F2000CC6A1E /* Flags.h */; };
		18B684FA06944F2000CC6A1E /* PrivateTypes.h in Headers */ = {isa = PBXBuildFile; fileRef = 18B684F306944F2000CC6A1E /* PrivateTypes.h */; };
		18B684FB06944F2000CC6A1E /* PublicTypes.h in Headers */ = {isa = PBXBuildFile; fileRef = 18B684F406944F2000CC6A1E /* PublicTypes.h */; };
		18B684FF06944F8800CC6A1E /* 4DPlugin.cpp in Sources */ = {isa = PBXBuildFile; fileRef = 18B684FE06944F8800CC6A1E /* 4DPlugin.cpp */; };
		18B685230694531300CC6A1E /* 4DPlugin.rsrc in Rez */ = {isa = PBXBuildFile; fileRef = 18B685220694531300CC6A1E /* 4DPlugin.rsrc */; };
		8D01CCC80486CAD60068D4B7 /* 4D Plugin_Prefix.pch in Headers */ = {isa = PBXBuildFile; fileRef = 32BAE0B30371A71500C91783 /* 4D Plugin_Prefix.pch */; };
		8D01CCCA0486CAD60068D4B7 /* InfoPlist.strings in Resources */ = {isa = PBXBuildFile; fileRef = 089C167DFE841241C02AAC07 /* InfoPlist.strings */; };
		8D01CCCE0486CAD60068D4B7 /* Carbon.framework in Frameworks */ = {isa = PBXBuildFile; fileRef = 08EA7FFBFE8413EDC02AAC07 /* Carbon.framework */; };
		D10DD2C4135FA56100319781 /* C_TIME.cpp in Sources */ = {isa = PBXBuildFile; fileRef = D10DD2C2135FA56100319781 /* C_TIME.cpp */; };
		D10DD2C5135FA56100319781 /* C_TIME.h in Headers */ = {isa = PBXBuildFile; fileRef = D10DD2C3135FA56100319781 /* C_TIME.h */; };
		D10DD2EB135FAB2F00319781 /* C_DATE.cpp in Sources */ = {isa = PBXBuildFile; fileRef = D10DD2E9135FAB2F00319781 /* C_DATE.cpp */; };
		D10DD2EC135FAB2F00319781 /* C_DATE.h in Headers */ = {isa = PBXBuildFile; fileRef = D10DD2EA135FAB2F00319781 /* C_DATE.h */; };
		D120937F13534DCC00A72CAA /* 4DPlugin.h in Headers */ = {isa = PBXBuildFile; fileRef = D120937E13534DCC00A72CAA /* 4DPlugin.h */; };
		D130064F12F02D9700702C0E /* Cocoa.framework in Frameworks */ = {isa = PBXBuildFile; fileRef = D130064E12F02D9700702C0E /* Cocoa.framework */; };
		D1389B7618A895C7001BB845 /* show_date.scpt in CopyFiles */ = {isa = PBXBuildFile; fileRef = D1389B6718A895A1001BB845 /* show_date.scpt */; };
		D1389B7718A895C7001BB845 /* show_event.scpt in CopyFiles */ = {isa = PBXBuildFile; fileRef = D1389B6818A895A1001BB845 /* show_event.scpt */; };
		D1389B7818A895C7001BB845 /* show_task.scpt in CopyFiles */ = {isa = PBXBuildFile; fileRef = D1389B6918A895A1001BB845 /* show_task.scpt */; };
		D1389BD118A8A167001BB845 /* ical_calendar_store.h in Headers */ = {isa = PBXBuildFile; fileRef = D1389BCF18A8A167001BB845 /* ical_calendar_store.h */; };
		D1389BD218A8A167001BB845 /* ical_calendar_store.mm in Sources */ = {isa = PBXBuildFile; fileRef = D1389BD018A8A167001BB845 /* ical_calendar_store.mm */; };
		D1389BD518A8A174001BB845 /* ical_calendar.h in Headers */ = {isa = PBXBuildFile; fileRef = D1389BD318A8A174001BB845 /* ical_calendar.h */; };
		D1389BD618A8A174001BB845 /* ical_calendar.mm in Sources */ = {isa = PBXBuildFile; fileRef = D1389BD418A8A174001BB845 /* ical_calendar.mm */; };
		D1389C1718A8AB8C001BB845 /* ical_alarm.h in Headers */ = {isa = PBXBuildFile; fileRef = D1389C1518A8AB8C001BB845 /* ical_alarm.h */; };
		D1389C1818A8AB8C001BB845 /* ical_alarm.mm in Sources */ = {isa = PBXBuildFile; fileRef = D1389C1618A8AB8C001BB845 /* ical_alarm.mm */; };
		D1389C3318A8AEEE001BB845 /* ical_task.h in Headers */ = {isa = PBXBuildFile; fileRef = D1389C3118A8AEEE001BB845 /* ical_task.h */; };
		D1389C3418A8AEEE001BB845 /* ical_task.mm in Sources */ = {isa = PBXBuildFile; fileRef = D1389C3218A8AEEE001BB845 /* ical_task.mm */; };
		D1392DD513582164004911A5 /* C_PICTURE.cpp in Sources */ = {isa = PBXBuildFile; fileRef = D1392DD313582164004911A5 /* C_PICTURE.cpp */; };
		D1392DD613582164004911A5 /* C_PICTURE.h in Headers */ = {isa = PBXBuildFile; fileRef = D1392DD413582164004911A5 /* C_PICTURE.h */; };
		D1392DD913582171004911A5 /* C_BLOB.cpp in Sources */ = {isa = PBXBuildFile; fileRef = D1392DD713582171004911A5 /* C_BLOB.cpp */; };
		D1392DDA13582171004911A5 /* C_BLOB.h in Headers */ = {isa = PBXBuildFile; fileRef = D1392DD813582171004911A5 /* C_BLOB.h */; };
		D13E88A013543F3800C1F956 /* ARRAY_REAL.cpp in Sources */ = {isa = PBXBuildFile; fileRef = D13E889E13543F3800C1F956 /* ARRAY_REAL.cpp */; };
		D13E88A113543F3800C1F956 /* ARRAY_REAL.h in Headers */ = {isa = PBXBuildFile; fileRef = D13E889F13543F3800C1F956 /* ARRAY_REAL.h */; };
		D169DBD318A8E3C70082863B /* ScriptingBridge.framework in Frameworks */ = {isa = PBXBuildFile; fileRef = D169DBD218A8E3C70082863B /* ScriptingBridge.framework */; };
		D169DC4318A916A00082863B /* iCal.h in Headers */ = {isa = PBXBuildFile; fileRef = D169DC4218A916A00082863B /* iCal.h */; };
		D16AC3AA147CB499000AA750 /* ARRAY_BOOLEAN.cpp in Sources */ = {isa = PBXBuildFile; fileRef = D16AC3A8147CB499000AA750 /* ARRAY_BOOLEAN.cpp */; };
		D16AC3AB147CB499000AA750 /* ARRAY_BOOLEAN.h in Headers */ = {isa = PBXBuildFile; fileRef = D16AC3A9147CB499000AA750 /* ARRAY_BOOLEAN.h */; };
		D19271A51353D6F2001CEA07 /* ARRAY_TEXT.cpp in Sources */ = {isa = PBXBuildFile; fileRef = D19271A31353D6F2001CEA07 /* ARRAY_TEXT.cpp */; };
		D19271A61353D6F2001CEA07 /* ARRAY_TEXT.h in Headers */ = {isa = PBXBuildFile; fileRef = D19271A41353D6F2001CEA07 /* ARRAY_TEXT.h */; };
		D19271AA1353D771001CEA07 /* ARRAY_LONGINT.cpp in Sources */ = {isa = PBXBuildFile; fileRef = D19271A81353D771001CEA07 /* ARRAY_LONGINT.cpp */; };
		D19271AB1353D771001CEA07 /* ARRAY_LONGINT.h in Headers */ = {isa = PBXBuildFile; fileRef = D19271A91353D771001CEA07 /* ARRAY_LONGINT.h */; };
		D19271CD1353DE6E001CEA07 /* ARRAY_INTEGER.cpp in Sources */ = {isa = PBXBuildFile; fileRef = D19271CB1353DE6E001CEA07 /* ARRAY_INTEGER.cpp */; };
		D19271CE1353DE6E001CEA07 /* ARRAY_INTEGER.h in Headers */ = {isa = PBXBuildFile; fileRef = D19271CC1353DE6E001CEA07 /* ARRAY_INTEGER.h */; };
		D19CC17E1353782E0004336E /* C_INTEGER.cpp in Sources */ = {isa = PBXBuildFile; fileRef = D19CC1761353782E0004336E /* C_INTEGER.cpp */; };
		D19CC17F1353782E0004336E /* C_INTEGER.h in Headers */ = {isa = PBXBuildFile; fileRef = D19CC1771353782E0004336E /* C_INTEGER.h */; };
		D19CC1801353782E0004336E /* C_LONGINT.cpp in Sources */ = {isa = PBXBuildFile; fileRef = D19CC1781353782E0004336E /* C_LONGINT.cpp */; };
		D19CC1811353782E0004336E /* C_LONGINT.h in Headers */ = {isa = PBXBuildFile; fileRef = D19CC1791353782E0004336E /* C_LONGINT.h */; };
		D19CC1821353782E0004336E /* C_REAL.cpp in Sources */ = {isa = PBXBuildFile; fileRef = D19CC17A1353782E0004336E /* C_REAL.cpp */; };
		D19CC1831353782E0004336E /* C_REAL.h in Headers */ = {isa = PBXBuildFile; fileRef = D19CC17B1353782E0004336E /* C_REAL.h */; };
		D19CC1841353782E0004336E /* C_TEXT.cpp in Sources */ = {isa = PBXBuildFile; fileRef = D19CC17C1353782E0004336E /* C_TEXT.cpp */; };
		D19CC1851353782E0004336E /* C_TEXT.h in Headers */ = {isa = PBXBuildFile; fileRef = D19CC17D1353782E0004336E /* C_TEXT.h */; };
		D1D4834818A85B7500AEC315 /* CalendarStore.framework in Frameworks */ = {isa = PBXBuildFile; fileRef = D1D4834718A85B7500AEC315 /* CalendarStore.framework */; };
		D1D4835B18A85B9C00AEC315 /* helper.h in Headers */ = {isa = PBXBuildFile; fileRef = D1D4835918A85B9C00AEC315 /* helper.h */; };
		D1D4835C18A85B9C00AEC315 /* helper.mm in Sources */ = {isa = PBXBuildFile; fileRef = D1D4835A18A85B9C00AEC315 /* helper.mm */; };
		D1D4836118A85BAD00AEC315 /* listener.h in Headers */ = {isa = PBXBuildFile; fileRef = D1D4835D18A85BAD00AEC315 /* listener.h */; };
		D1D4836218A85BAD00AEC315 /* listener.mm in Sources */ = {isa = PBXBuildFile; fileRef = D1D4835E18A85BAD00AEC315 /* listener.mm */; };
		D1D4836318A85BAD00AEC315 /* PAListener.h in Headers */ = {isa = PBXBuildFile; fileRef = D1D4835F18A85BAD00AEC315 /* PAListener.h */; };
		D1D4836418A85BAD00AEC315 /* PAListener.mm in Sources */ = {isa = PBXBuildFile; fileRef = D1D4836018A85BAD00AEC315 /* PAListener.mm */; };
		D1D4837C18A8608100AEC315 /* ical_timezome.h in Headers */ = {isa = PBXBuildFile; fileRef = D1D4837A18A8608100AEC315 /* ical_timezome.h */; };
		D1D4837D18A8608100AEC315 /* ical_timezome.mm in Sources */ = {isa = PBXBuildFile; fileRef = D1D4837B18A8608100AEC315 /* ical_timezome.mm */; };
		D1D4839218A861A300AEC315 /* ical_event.h in Headers */ = {isa = PBXBuildFile; fileRef = D1D4839018A861A300AEC315 /* ical_event.h */; };
		D1D4839318A861A300AEC315 /* ical_event.mm in Sources */ = {isa = PBXBuildFile; fileRef = D1D4839118A861A300AEC315 /* ical_event.mm */; };
		D1D4839618A861C500AEC315 /* ical_support.mm in Sources */ = {isa = PBXBuildFile; fileRef = D1D4839418A861C500AEC315 /* ical_support.mm */; };
		D1D4839718A861C500AEC315 /* ical_support.h in Headers */ = {isa = PBXBuildFile; fileRef = D1D4839518A861C500AEC315 /* ical_support.h */; };
		D1D483D918A8676200AEC315 /* ical_tools.h in Headers */ = {isa = PBXBuildFile; fileRef = D1D483D718A8676200AEC315 /* ical_tools.h */; };
		D1D483DA18A8676200AEC315 /* ical_tools.mm in Sources */ = {isa = PBXBuildFile; fileRef = D1D483D818A8676200AEC315 /* ical_tools.mm */; };
		D1D484A218A88C7200AEC315 /* ical_application.h in Headers */ = {isa = PBXBuildFile; fileRef = D1D484A018A88C7200AEC315 /* ical_application.h */; };
		D1D484A318A88C7200AEC315 /* ical_application.mm in Sources */ = {isa = PBXBuildFile; fileRef = D1D484A118A88C7200AEC315 /* ical_application.mm */; };
		D1D484B818A88D8A00AEC315 /* AppKit.framework in Frameworks */ = {isa = PBXBuildFile; fileRef = D1D484B718A88D8A00AEC315 /* AppKit.framework */; };
/* End PBXBuildFile section */

/* Begin PBXCopyFilesBuildPhase section */
		D106D84418A8936F002B6A20 /* CopyFiles */ = {
			isa = PBXCopyFilesBuildPhase;
			buildActionMask = 2147483647;
			dstPath = scpt;
			dstSubfolderSpec = 7;
			files = (
				D1389B7618A895C7001BB845 /* show_date.scpt in CopyFiles */,
				D1389B7718A895C7001BB845 /* show_event.scpt in CopyFiles */,
				D1389B7818A895C7001BB845 /* show_task.scpt in CopyFiles */,
			);
			runOnlyForDeploymentPostprocessing = 0;
		};
/* End PBXCopyFilesBuildPhase section */

/* Begin PBXFileReference section */
		089C167EFE841241C02AAC07 /* English */ = {isa = PBXFileReference; fileEncoding = 10; lastKnownFileType = text.plist.strings; name = English; path = English.lproj/InfoPlist.strings; sourceTree = "<group>"; };
		08EA7FFBFE8413EDC02AAC07 /* Carbon.framework */ = {isa = PBXFileReference; lastKnownFileType = wrapper.framework; name = Carbon.framework; path = /System/Library/Frameworks/Carbon.framework; sourceTree = "<absolute>"; };
		189286350695AD8900B05D6E /* iCal.bundle */ = {isa = PBXFileReference; explicitFileType = wrapper.cfbundle; includeInIndex = 0; path = iCal.bundle; sourceTree = BUILT_PRODUCTS_DIR; };
		18B684EE06944F2000CC6A1E /* 4DPluginAPI.cpp */ = {isa = PBXFileReference; explicitFileType = sourcecode.cpp.objcpp; fileEncoding = 30; path = 4DPluginAPI.cpp; sourceTree = "<group>"; };
		18B684F006944F2000CC6A1E /* 4DPluginAPI.h */ = {isa = PBXFileReference; fileEncoding = 30; lastKnownFileType = sourcecode.c.h; path = 4DPluginAPI.h; sourceTree = "<group>"; };
		18B684F106944F2000CC6A1E /* EntryPoints.h */ = {isa = PBXFileReference; fileEncoding = 30; lastKnownFileType = sourcecode.c.h; path = EntryPoints.h; sourceTree = "<group>"; };
		18B684F206944F2000CC6A1E /* Flags.h */ = {isa = PBXFileReference; fileEncoding = 30; lastKnownFileType = sourcecode.c.h; path = Flags.h; sourceTree = "<group>"; };
		18B684F306944F2000CC6A1E /* PrivateTypes.h */ = {isa = PBXFileReference; fileEncoding = 30; lastKnownFileType = sourcecode.c.h; path = PrivateTypes.h; sourceTree = "<group>"; };
		18B684F406944F2000CC6A1E /* PublicTypes.h */ = {isa = PBXFileReference; fileEncoding = 30; lastKnownFileType = sourcecode.c.h; path = PublicTypes.h; sourceTree = "<group>"; };
		18B684FE06944F8800CC6A1E /* 4DPlugin.cpp */ = {isa = PBXFileReference; explicitFileType = sourcecode.cpp.objcpp; fileEncoding = 30; path = 4DPlugin.cpp; sourceTree = "<group>"; };
		18B685220694531300CC6A1E /* 4DPlugin.rsrc */ = {isa = PBXFileReference; lastKnownFileType = archive.rsrc; path = 4DPlugin.rsrc; sourceTree = "<group>"; };
		32BAE0B30371A71500C91783 /* 4D Plugin_Prefix.pch */ = {isa = PBXFileReference; fileEncoding = 4; lastKnownFileType = sourcecode.c.h; path = "4D Plugin_Prefix.pch"; sourceTree = "<group>"; };
		8D01CCD10486CAD60068D4B7 /* Info.plist */ = {isa = PBXFileReference; fileEncoding = 4; lastKnownFileType = text.plist; path = Info.plist; sourceTree = "<group>"; };
		D10DD2C2135FA56100319781 /* C_TIME.cpp */ = {isa = PBXFileReference; explicitFileType = sourcecode.cpp.objcpp; fileEncoding = 4; name = C_TIME.cpp; path = Classes/C_TIME.cpp; sourceTree = "<group>"; };
		D10DD2C3135FA56100319781 /* C_TIME.h */ = {isa = PBXFileReference; fileEncoding = 4; lastKnownFileType = sourcecode.c.h; name = C_TIME.h; path = Classes/C_TIME.h; sourceTree = "<group>"; };
		D10DD2E9135FAB2F00319781 /* C_DATE.cpp */ = {isa = PBXFileReference; explicitFileType = sourcecode.cpp.objcpp; fileEncoding = 4; name = C_DATE.cpp; path = Classes/C_DATE.cpp; sourceTree = "<group>"; };
		D10DD2EA135FAB2F00319781 /* C_DATE.h */ = {isa = PBXFileReference; fileEncoding = 4; lastKnownFileType = sourcecode.c.h; name = C_DATE.h; path = Classes/C_DATE.h; sourceTree = "<group>"; };
		D120937E13534DCC00A72CAA /* 4DPlugin.h */ = {isa = PBXFileReference; fileEncoding = 4; lastKnownFileType = sourcecode.c.h; path = 4DPlugin.h; sourceTree = "<group>"; };
		D130064E12F02D9700702C0E /* Cocoa.framework */ = {isa = PBXFileReference; lastKnownFileType = wrapper.framework; name = Cocoa.framework; path = /System/Library/Frameworks/Cocoa.framework; sourceTree = "<absolute>"; };
		D1389B6718A895A1001BB845 /* show_date.scpt */ = {isa = PBXFileReference; fileEncoding = 4; lastKnownFileType = sourcecode.scpt; path = show_date.scpt; sourceTree = "<group>"; };
		D1389B6818A895A1001BB845 /* show_event.scpt */ = {isa = PBXFileReference; fileEncoding = 4; lastKnownFileType = sourcecode.scpt; path = show_event.scpt; sourceTree = "<group>"; };
		D1389B6918A895A1001BB845 /* show_task.scpt */ = {isa = PBXFileReference; fileEncoding = 4; lastKnownFileType = sourcecode.scpt; path = show_task.scpt; sourceTree = "<group>"; };
		D1389BCF18A8A167001BB845 /* ical_calendar_store.h */ = {isa = PBXFileReference; fileEncoding = 4; lastKnownFileType = sourcecode.c.h; path = ical_calendar_store.h; sourceTree = "<group>"; };
		D1389BD018A8A167001BB845 /* ical_calendar_store.mm */ = {isa = PBXFileReference; fileEncoding = 4; lastKnownFileType = sourcecode.cpp.objcpp; path = ical_calendar_store.mm; sourceTree = "<group>"; };
		D1389BD318A8A174001BB845 /* ical_calendar.h */ = {isa = PBXFileReference; fileEncoding = 4; lastKnownFileType = sourcecode.c.h; path = ical_calendar.h; sourceTree = "<group>"; };
		D1389BD418A8A174001BB845 /* ical_calendar.mm */ = {isa = PBXFileReference; fileEncoding = 4; lastKnownFileType = sourcecode.cpp.objcpp; path = ical_calendar.mm; sourceTree = "<group>"; };
		D1389C1518A8AB8C001BB845 /* ical_alarm.h */ = {isa = PBXFileReference; fileEncoding = 4; lastKnownFileType = sourcecode.c.h; path = ical_alarm.h; sourceTree = "<group>"; };
		D1389C1618A8AB8C001BB845 /* ical_alarm.mm */ = {isa = PBXFileReference; fileEncoding = 4; lastKnownFileType = sourcecode.cpp.objcpp; path = ical_alarm.mm; sourceTree = "<group>"; };
		D1389C3118A8AEEE001BB845 /* ical_task.h */ = {isa = PBXFileReference; fileEncoding = 4; lastKnownFileType = sourcecode.c.h; path = ical_task.h; sourceTree = "<group>"; };
		D1389C3218A8AEEE001BB845 /* ical_task.mm */ = {isa = PBXFileReference; fileEncoding = 4; lastKnownFileType = sourcecode.cpp.objcpp; path = ical_task.mm; sourceTree = "<group>"; };
		D1392DD313582164004911A5 /* C_PICTURE.cpp */ = {isa = PBXFileReference; explicitFileType = sourcecode.cpp.objcpp; fileEncoding = 4; name = C_PICTURE.cpp; path = Classes/C_PICTURE.cpp; sourceTree = "<group>"; };
		D1392DD413582164004911A5 /* C_PICTURE.h */ = {isa = PBXFileReference; fileEncoding = 4; lastKnownFileType = sourcecode.c.h; name = C_PICTURE.h; path = Classes/C_PICTURE.h; sourceTree = "<group>"; };
		D1392DD713582171004911A5 /* C_BLOB.cpp */ = {isa = PBXFileReference; explicitFileType = sourcecode.cpp.objcpp; fileEncoding = 4; name = C_BLOB.cpp; path = Classes/C_BLOB.cpp; sourceTree = "<group>"; };
		D1392DD813582171004911A5 /* C_BLOB.h */ = {isa = PBXFileReference; fileEncoding = 4; lastKnownFileType = sourcecode.c.h; name = C_BLOB.h; path = Classes/C_BLOB.h; sourceTree = "<group>"; };
		D13E889E13543F3800C1F956 /* ARRAY_REAL.cpp */ = {isa = PBXFileReference; explicitFileType = sourcecode.cpp.objcpp; fileEncoding = 4; name = ARRAY_REAL.cpp; path = Classes/ARRAY_REAL.cpp; sourceTree = "<group>"; };
		D13E889F13543F3800C1F956 /* ARRAY_REAL.h */ = {isa = PBXFileReference; fileEncoding = 4; lastKnownFileType = sourcecode.c.h; name = ARRAY_REAL.h; path = Classes/ARRAY_REAL.h; sourceTree = "<group>"; };
		D169DBD218A8E3C70082863B /* ScriptingBridge.framework */ = {isa = PBXFileReference; lastKnownFileType = wrapper.framework; name = ScriptingBridge.framework; path = System/Library/Frameworks/ScriptingBridge.framework; sourceTree = SDKROOT; };
		D169DC4218A916A00082863B /* iCal.h */ = {isa = PBXFileReference; fileEncoding = 4; lastKnownFileType = sourcecode.c.h; path = iCal.h; sourceTree = "<group>"; };
		D16AC3A8147CB499000AA750 /* ARRAY_BOOLEAN.cpp */ = {isa = PBXFileReference; explicitFileType = sourcecode.cpp.objcpp; fileEncoding = 4; name = ARRAY_BOOLEAN.cpp; path = Classes/ARRAY_BOOLEAN.cpp; sourceTree = "<group>"; };
		D16AC3A9147CB499000AA750 /* ARRAY_BOOLEAN.h */ = {isa = PBXFileReference; fileEncoding = 4; lastKnownFileType = sourcecode.c.h; name = ARRAY_BOOLEAN.h; path = Classes/ARRAY_BOOLEAN.h; sourceTree = "<group>"; };
		D19271A31353D6F2001CEA07 /* ARRAY_TEXT.cpp */ = {isa = PBXFileReference; explicitFileType = sourcecode.cpp.objcpp; fileEncoding = 4; name = ARRAY_TEXT.cpp; path = Classes/ARRAY_TEXT.cpp; sourceTree = "<group>"; };
		D19271A41353D6F2001CEA07 /* ARRAY_TEXT.h */ = {isa = PBXFileReference; fileEncoding = 4; lastKnownFileType = sourcecode.c.h; name = ARRAY_TEXT.h; path = Classes/ARRAY_TEXT.h; sourceTree = "<group>"; };
		D19271A81353D771001CEA07 /* ARRAY_LONGINT.cpp */ = {isa = PBXFileReference; explicitFileType = sourcecode.cpp.objcpp; fileEncoding = 4; name = ARRAY_LONGINT.cpp; path = Classes/ARRAY_LONGINT.cpp; sourceTree = "<group>"; };
		D19271A91353D771001CEA07 /* ARRAY_LONGINT.h */ = {isa = PBXFileReference; fileEncoding = 4; lastKnownFileType = sourcecode.c.h; name = ARRAY_LONGINT.h; path = Classes/ARRAY_LONGINT.h; sourceTree = "<group>"; };
		D19271CB1353DE6E001CEA07 /* ARRAY_INTEGER.cpp */ = {isa = PBXFileReference; explicitFileType = sourcecode.cpp.objcpp; fileEncoding = 4; name = ARRAY_INTEGER.cpp; path = Classes/ARRAY_INTEGER.cpp; sourceTree = "<group>"; };
		D19271CC1353DE6E001CEA07 /* ARRAY_INTEGER.h */ = {isa = PBXFileReference; fileEncoding = 4; lastKnownFileType = sourcecode.c.h; name = ARRAY_INTEGER.h; path = Classes/ARRAY_INTEGER.h; sourceTree = "<group>"; };
		D19CC1761353782E0004336E /* C_INTEGER.cpp */ = {isa = PBXFileReference; explicitFileType = sourcecode.cpp.objcpp; fileEncoding = 4; name = C_INTEGER.cpp; path = classes/C_INTEGER.cpp; sourceTree = "<group>"; };
		D19CC1771353782E0004336E /* C_INTEGER.h */ = {isa = PBXFileReference; fileEncoding = 4; lastKnownFileType = sourcecode.c.h; name = C_INTEGER.h; path = classes/C_INTEGER.h; sourceTree = "<group>"; };
		D19CC1781353782E0004336E /* C_LONGINT.cpp */ = {isa = PBXFileReference; explicitFileType = sourcecode.cpp.objcpp; fileEncoding = 4; name = C_LONGINT.cpp; path = classes/C_LONGINT.cpp; sourceTree = "<group>"; };
		D19CC1791353782E0004336E /* C_LONGINT.h */ = {isa = PBXFileReference; fileEncoding = 4; lastKnownFileType = sourcecode.c.h; name = C_LONGINT.h; path = classes/C_LONGINT.h; sourceTree = "<group>"; };
		D19CC17A1353782E0004336E /* C_REAL.cpp */ = {isa = PBXFileReference; explicitFileType = sourcecode.cpp.objcpp; fileEncoding = 4; name = C_REAL.cpp; path = classes/C_REAL.cpp; sourceTree = "<group>"; };
		D19CC17B1353782E0004336E /* C_REAL.h */ = {isa = PBXFileReference; fileEncoding = 4; lastKnownFileType = sourcecode.c.h; name = C_REAL.h; path = classes/C_REAL.h; sourceTree = "<group>"; };
		D19CC17C1353782E0004336E /* C_TEXT.cpp */ = {isa = PBXFileReference; explicitFileType = sourcecode.cpp.objcpp; fileEncoding = 4; name = C_TEXT.cpp; path = classes/C_TEXT.cpp; sourceTree = "<group>"; };
		D19CC17D1353782E0004336E /* C_TEXT.h */ = {isa = PBXFileReference; fileEncoding = 4; lastKnownFileType = sourcecode.c.h; name = C_TEXT.h; path = classes/C_TEXT.h; sourceTree = "<group>"; };
		D1D4834718A85B7500AEC315 /* CalendarStore.framework */ = {isa = PBXFileReference; lastKnownFileType = wrapper.framework; name = CalendarStore.framework; path = System/Library/Frameworks/CalendarStore.framework; sourceTree = SDKROOT; };
		D1D4835918A85B9C00AEC315 /* helper.h */ = {isa = PBXFileReference; fileEncoding = 4; lastKnownFileType = sourcecode.c.h; path = helper.h; sourceTree = "<group>"; };
		D1D4835A18A85B9C00AEC315 /* helper.mm */ = {isa = PBXFileReference; fileEncoding = 4; lastKnownFileType = sourcecode.cpp.objcpp; path = helper.mm; sourceTree = "<group>"; };
		D1D4835D18A85BAD00AEC315 /* listener.h */ = {isa = PBXFileReference; fileEncoding = 4; lastKnownFileType = sourcecode.c.h; path = listener.h; sourceTree = "<group>"; };
		D1D4835E18A85BAD00AEC315 /* listener.mm */ = {isa = PBXFileReference; fileEncoding = 4; lastKnownFileType = sourcecode.cpp.objcpp; path = listener.mm; sourceTree = "<group>"; };
		D1D4835F18A85BAD00AEC315 /* PAListener.h */ = {isa = PBXFileReference; fileEncoding = 4; lastKnownFileType = sourcecode.c.h; path = PAListener.h; sourceTree = "<group>"; };
		D1D4836018A85BAD00AEC315 /* PAListener.mm */ = {isa = PBXFileReference; fileEncoding = 4; lastKnownFileType = sourcecode.cpp.objcpp; path = PAListener.mm; sourceTree = "<group>"; };
		D1D4837A18A8608100AEC315 /* ical_timezome.h */ = {isa = PBXFileReference; fileEncoding = 4; lastKnownFileType = sourcecode.c.h; path = ical_timezome.h; sourceTree = "<group>"; };
		D1D4837B18A8608100AEC315 /* ical_timezome.mm */ = {isa = PBXFileReference; fileEncoding = 4; lastKnownFileType = sourcecode.cpp.objcpp; path = ical_timezome.mm; sourceTree = "<group>"; };
		D1D4839018A861A300AEC315 /* ical_event.h */ = {isa = PBXFileReference; fileEncoding = 4; lastKnownFileType = sourcecode.c.h; path = ical_event.h; sourceTree = "<group>"; };
		D1D4839118A861A300AEC315 /* ical_event.mm */ = {isa = PBXFileReference; fileEncoding = 4; lastKnownFileType = sourcecode.cpp.objcpp; path = ical_event.mm; sourceTree = "<group>"; };
		D1D4839418A861C500AEC315 /* ical_support.mm */ = {isa = PBXFileReference; fileEncoding = 4; lastKnownFileType = sourcecode.cpp.objcpp; path = ical_support.mm; sourceTree = "<group>"; };
		D1D4839518A861C500AEC315 /* ical_support.h */ = {isa = PBXFileReference; fileEncoding = 4; lastKnownFileType = sourcecode.c.h; path = ical_support.h; sourceTree = "<group>"; };
		D1D483D718A8676200AEC315 /* ical_tools.h */ = {isa = PBXFileReference; fileEncoding = 4; lastKnownFileType = sourcecode.c.h; path = ical_tools.h; sourceTree = "<group>"; };
		D1D483D818A8676200AEC315 /* ical_tools.mm */ = {isa = PBXFileReference; fileEncoding = 4; lastKnownFileType = sourcecode.cpp.objcpp; path = ical_tools.mm; sourceTree = "<group>"; };
		D1D484A018A88C7200AEC315 /* ical_application.h */ = {isa = PBXFileReference; fileEncoding = 4; lastKnownFileType = sourcecode.c.h; path = ical_application.h; sourceTree = "<group>"; };
		D1D484A118A88C7200AEC315 /* ical_application.mm */ = {isa = PBXFileReference; fileEncoding = 4; lastKnownFileType = sourcecode.cpp.objcpp; path = ical_application.mm; sourceTree = "<group>"; };
		D1D484B718A88D8A00AEC315 /* AppKit.framework */ = {isa = PBXFileReference; lastKnownFileType = wrapper.framework; name = AppKit.framework; path = System/Library/Frameworks/AppKit.framework; sourceTree = SDKROOT; };
/* End PBXFileReference section */

/* Begin PBXFrameworksBuildPhase section */
		8D01CCCD0486CAD60068D4B7 /* Frameworks */ = {
			isa = PBXFrameworksBuildPhase;
			buildActionMask = 2147483647;
			files = (
				8D01CCCE0486CAD60068D4B7 /* Carbon.framework in Frameworks */,
				D130064F12F02D9700702C0E /* Cocoa.framework in Frameworks */,
				D1D4834818A85B7500AEC315 /* CalendarStore.framework in Frameworks */,
				D1D484B818A88D8A00AEC315 /* AppKit.framework in Frameworks */,
				D169DBD318A8E3C70082863B /* ScriptingBridge.framework in Frameworks */,
			);
			runOnlyForDeploymentPostprocessing = 0;
		};
/* End PBXFrameworksBuildPhase section */

/* Begin PBXGroup section */
		089C166AFE841209C02AAC07 /* 4D Plugin */ = {
			isa = PBXGroup;
			children = (
				08FB77ADFE841716C02AAC07 /* Source */,
				089C167CFE841241C02AAC07 /* Resources */,
				089C1671FE841209C02AAC07 /* External Frameworks and Libraries */,
				189286360695AD8900B05D6E /* Products */,
			);
			name = "4D Plugin";
			sourceTree = "<group>";
		};
		089C1671FE841209C02AAC07 /* External Frameworks and Libraries */ = {
			isa = PBXGroup;
			children = (
				D1D484B718A88D8A00AEC315 /* AppKit.framework */,
				08EA7FFBFE8413EDC02AAC07 /* Carbon.framework */,
				D130064E12F02D9700702C0E /* Cocoa.framework */,
				D1D4834718A85B7500AEC315 /* CalendarStore.framework */,
				D169DBD218A8E3C70082863B /* ScriptingBridge.framework */,
			);
			name = "External Frameworks and Libraries";
			sourceTree = "<group>";
		};
		089C167CFE841241C02AAC07 /* Resources */ = {
			isa = PBXGroup;
			children = (
				18B685220694531300CC6A1E /* 4DPlugin.rsrc */,
				8D01CCD10486CAD60068D4B7 /* Info.plist */,
				089C167DFE841241C02AAC07 /* InfoPlist.strings */,
			);
			name = Resources;
			sourceTree = "<group>";
		};
		08FB77ADFE841716C02AAC07 /* Source */ = {
			isa = PBXGroup;
			children = (
				D1D4837918A8607A00AEC315 /* iCal */,
				D1D4834D18A85B8700AEC315 /* Listener */,
				18B684FE06944F8800CC6A1E /* 4DPlugin.cpp */,
				D120937E13534DCC00A72CAA /* 4DPlugin.h */,
				18B684ED06944F2000CC6A1E /* 4D Plugin API */,
				32BAE0B30371A71500C91783 /* 4D Plugin_Prefix.pch */,
			);
			name = Source;
			sourceTree = "<group>";
		};
		189286360695AD8900B05D6E /* Products */ = {
			isa = PBXGroup;
			children = (
				189286350695AD8900B05D6E /* iCal.bundle */,
			);
			name = Products;
			sourceTree = "<group>";
		};
		18B684ED06944F2000CC6A1E /* 4D Plugin API */ = {
			isa = PBXGroup;
			children = (
				D19CC171135378140004336E /* Classes */,
				18B684EE06944F2000CC6A1E /* 4DPluginAPI.cpp */,
				18B684F006944F2000CC6A1E /* 4DPluginAPI.h */,
				18B684F106944F2000CC6A1E /* EntryPoints.h */,
				18B684F206944F2000CC6A1E /* Flags.h */,
				18B684F306944F2000CC6A1E /* PrivateTypes.h */,
				18B684F406944F2000CC6A1E /* PublicTypes.h */,
			);
			path = "4D Plugin API";
			sourceTree = "<group>";
		};
		D1389B6418A895A1001BB845 /* scpt */ = {
			isa = PBXGroup;
			children = (
				D1389B6718A895A1001BB845 /* show_date.scpt */,
				D1389B6818A895A1001BB845 /* show_event.scpt */,
				D1389B6918A895A1001BB845 /* show_task.scpt */,
			);
			name = scpt;
			path = ../iCal/scpt;
			sourceTree = SOURCE_ROOT;
		};
		D19CC171135378140004336E /* Classes */ = {
			isa = PBXGroup;
			children = (
				D13E889E13543F3800C1F956 /* ARRAY_REAL.cpp */,
				D13E889F13543F3800C1F956 /* ARRAY_REAL.h */,
				D16AC3A8147CB499000AA750 /* ARRAY_BOOLEAN.cpp */,
				D16AC3A9147CB499000AA750 /* ARRAY_BOOLEAN.h */,
				D19271A31353D6F2001CEA07 /* ARRAY_TEXT.cpp */,
				D19271A41353D6F2001CEA07 /* ARRAY_TEXT.h */,
				D19271A81353D771001CEA07 /* ARRAY_LONGINT.cpp */,
				D19271A91353D771001CEA07 /* ARRAY_LONGINT.h */,
				D19271CB1353DE6E001CEA07 /* ARRAY_INTEGER.cpp */,
				D19271CC1353DE6E001CEA07 /* ARRAY_INTEGER.h */,
				D1392DD713582171004911A5 /* C_BLOB.cpp */,
				D1392DD813582171004911A5 /* C_BLOB.h */,
				D19CC17A1353782E0004336E /* C_REAL.cpp */,
				D19CC17B1353782E0004336E /* C_REAL.h */,
				D19CC17C1353782E0004336E /* C_TEXT.cpp */,
				D19CC17D1353782E0004336E /* C_TEXT.h */,
				D10DD2C2135FA56100319781 /* C_TIME.cpp */,
				D10DD2C3135FA56100319781 /* C_TIME.h */,
				D10DD2E9135FAB2F00319781 /* C_DATE.cpp */,
				D10DD2EA135FAB2F00319781 /* C_DATE.h */,
				D1392DD313582164004911A5 /* C_PICTURE.cpp */,
				D1392DD413582164004911A5 /* C_PICTURE.h */,
				D19CC1781353782E0004336E /* C_LONGINT.cpp */,
				D19CC1791353782E0004336E /* C_LONGINT.h */,
				D19CC1761353782E0004336E /* C_INTEGER.cpp */,
				D19CC1771353782E0004336E /* C_INTEGER.h */,
			);
			name = Classes;
			sourceTree = "<group>";
		};
		D1D4834D18A85B8700AEC315 /* Listener */ = {
			isa = PBXGroup;
			children = (
				D1D4835D18A85BAD00AEC315 /* listener.h */,
				D1D4835E18A85BAD00AEC315 /* listener.mm */,
				D1D4835F18A85BAD00AEC315 /* PAListener.h */,
				D1D4836018A85BAD00AEC315 /* PAListener.mm */,
				D1D4835918A85B9C00AEC315 /* helper.h */,
				D1D4835A18A85B9C00AEC315 /* helper.mm */,
			);
			name = Listener;
			sourceTree = "<group>";
		};
		D1D4837918A8607A00AEC315 /* iCal */ = {
			isa = PBXGroup;
			children = (
				D169DC4218A916A00082863B /* iCal.h */,
				D1389C3118A8AEEE001BB845 /* ical_task.h */,
				D1389C3218A8AEEE001BB845 /* ical_task.mm */,
				D1389BD318A8A174001BB845 /* ical_calendar.h */,
				D1389BD418A8A174001BB845 /* ical_calendar.mm */,
				D1389BCF18A8A167001BB845 /* ical_calendar_store.h */,
				D1389BD018A8A167001BB845 /* ical_calendar_store.mm */,
				D1389B6418A895A1001BB845 /* scpt */,
				D1D484A018A88C7200AEC315 /* ical_application.h */,
				D1D484A118A88C7200AEC315 /* ical_application.mm */,
				D1D483D718A8676200AEC315 /* ical_tools.h */,
				D1D483D818A8676200AEC315 /* ical_tools.mm */,
				D1D4839518A861C500AEC315 /* ical_support.h */,
				D1D4839418A861C500AEC315 /* ical_support.mm */,
				D1D4839018A861A300AEC315 /* ical_event.h */,
				D1D4839118A861A300AEC315 /* ical_event.mm */,
				D1D4837A18A8608100AEC315 /* ical_timezome.h */,
				D1D4837B18A8608100AEC315 /* ical_timezome.mm */,
				D1389C1518A8AB8C001BB845 /* ical_alarm.h */,
				D1389C1618A8AB8C001BB845 /* ical_alarm.mm */,
			);
			name = iCal;
			sourceTree = "<group>";
		};
/* End PBXGroup section */

/* Begin PBXHeadersBuildPhase section */
		8D01CCC70486CAD60068D4B7 /* Headers */ = {
			isa = PBXHeadersBuildPhase;
			buildActionMask = 2147483647;
			files = (
				8D01CCC80486CAD60068D4B7 /* 4D Plugin_Prefix.pch in Headers */,
				18B684F706944F2000CC6A1E /* 4DPluginAPI.h in Headers */,
				18B684F806944F2000CC6A1E /* EntryPoints.h in Headers */,
				18B684F906944F2000CC6A1E /* Flags.h in Headers */,
				18B684FA06944F2000CC6A1E /* PrivateTypes.h in Headers */,
				18B684FB06944F2000CC6A1E /* PublicTypes.h in Headers */,
				D120937F13534DCC00A72CAA /* 4DPlugin.h in Headers */,
				D19CC17F1353782E0004336E /* C_INTEGER.h in Headers */,
				D19CC1811353782E0004336E /* C_LONGINT.h in Headers */,
				D19CC1831353782E0004336E /* C_REAL.h in Headers */,
				D19CC1851353782E0004336E /* C_TEXT.h in Headers */,
				D19271A61353D6F2001CEA07 /* ARRAY_TEXT.h in Headers */,
				D19271AB1353D771001CEA07 /* ARRAY_LONGINT.h in Headers */,
				D19271CE1353DE6E001CEA07 /* ARRAY_INTEGER.h in Headers */,
				D13E88A113543F3800C1F956 /* ARRAY_REAL.h in Headers */,
				D1392DD613582164004911A5 /* C_PICTURE.h in Headers */,
				D1392DDA13582171004911A5 /* C_BLOB.h in Headers */,
				D10DD2C5135FA56100319781 /* C_TIME.h in Headers */,
				D10DD2EC135FAB2F00319781 /* C_DATE.h in Headers */,
				D16AC3AB147CB499000AA750 /* ARRAY_BOOLEAN.h in Headers */,
				D1D4835B18A85B9C00AEC315 /* helper.h in Headers */,
				D1D4836118A85BAD00AEC315 /* listener.h in Headers */,
				D1D4836318A85BAD00AEC315 /* PAListener.h in Headers */,
				D1D4837C18A8608100AEC315 /* ical_timezome.h in Headers */,
				D1D4839218A861A300AEC315 /* ical_event.h in Headers */,
				D1D4839718A861C500AEC315 /* ical_support.h in Headers */,
				D1D483D918A8676200AEC315 /* ical_tools.h in Headers */,
				D1D484A218A88C7200AEC315 /* ical_application.h in Headers */,
				D1389BD118A8A167001BB845 /* ical_calendar_store.h in Headers */,
				D1389BD518A8A174001BB845 /* ical_calendar.h in Headers */,
				D1389C1718A8AB8C001BB845 /* ical_alarm.h in Headers */,
				D1389C3318A8AEEE001BB845 /* ical_task.h in Headers */,
				D169DC4318A916A00082863B /* iCal.h in Headers */,
			);
			runOnlyForDeploymentPostprocessing = 0;
		};
/* End PBXHeadersBuildPhase section */

/* Begin PBXNativeTarget section */
		8D01CCC60486CAD60068D4B7 /* iCal */ = {
			isa = PBXNativeTarget;
			buildConfigurationList = 42D60B3F0A9DDBC8002ABB42 /* Build configuration list for PBXNativeTarget "iCal" */;
			buildPhases = (
				8D01CCC70486CAD60068D4B7 /* Headers */,
				8D01CCC90486CAD60068D4B7 /* Resources */,
				8D01CCCB0486CAD60068D4B7 /* Sources */,
				8D01CCCD0486CAD60068D4B7 /* Frameworks */,
				8D01CCCF0486CAD60068D4B7 /* Rez */,
				D106D84418A8936F002B6A20 /* CopyFiles */,
			);
			buildRules = (
			);
			dependencies = (
			);
			name = iCal;
			productInstallPath = "$(HOME)/Library/Bundles";
			productName = "4D Plugin";
			productReference = 189286350695AD8900B05D6E /* iCal.bundle */;
			productType = "com.apple.product-type.bundle";
		};
/* End PBXNativeTarget section */

/* Begin PBXProject section */
		089C1669FE841209C02AAC07 /* Project object */ = {
			isa = PBXProject;
			buildConfigurationList = 42D60B430A9DDBC8002ABB42 /* Build configuration list for PBXProject "iCal" */;
			compatibilityVersion = "Xcode 2.4";
			developmentRegion = English;
			hasScannedForEncodings = 1;
			knownRegions = (
				English,
				Japanese,
				French,
				German,
			);
			mainGroup = 089C166AFE841209C02AAC07 /* 4D Plugin */;
			productRefGroup = 189286360695AD8900B05D6E /* Products */;
			projectDirPath = "";
			projectRoot = "";
			targets = (
				8D01CCC60486CAD60068D4B7 /* iCal */,
			);
		};
/* End PBXProject section */

/* Begin PBXResourcesBuildPhase section */
		8D01CCC90486CAD60068D4B7 /* Resources */ = {
			isa = PBXResourcesBuildPhase;
			buildActionMask = 2147483647;
			files = (
				8D01CCCA0486CAD60068D4B7 /* InfoPlist.strings in Resources */,
			);
			runOnlyForDeploymentPostprocessing = 0;
		};
/* End PBXResourcesBuildPhase section */

/* Begin PBXRezBuildPhase section */
		8D01CCCF0486CAD60068D4B7 /* Rez */ = {
			isa = PBXRezBuildPhase;
			buildActionMask = 2147483647;
			files = (
				18B685230694531300CC6A1E /* 4DPlugin.rsrc in Rez */,
			);
			runOnlyForDeploymentPostprocessing = 0;
		};
/* End PBXRezBuildPhase section */

/* Begin PBXSourcesBuildPhase section */
		8D01CCCB0486CAD60068D4B7 /* Sources */ = {
			isa = PBXSourcesBuildPhase;
			buildActionMask = 2147483647;
			files = (
				18B684F506944F2000CC6A1E /* 4DPluginAPI.cpp in Sources */,
				18B684FF06944F8800CC6A1E /* 4DPlugin.cpp in Sources */,
				D19CC17E1353782E0004336E /* C_INTEGER.cpp in Sources */,
				D19CC1801353782E0004336E /* C_LONGINT.cpp in Sources */,
				D19CC1821353782E0004336E /* C_REAL.cpp in Sources */,
				D19CC1841353782E0004336E /* C_TEXT.cpp in Sources */,
				D19271A51353D6F2001CEA07 /* ARRAY_TEXT.cpp in Sources */,
				D19271AA1353D771001CEA07 /* ARRAY_LONGINT.cpp in Sources */,
				D19271CD1353DE6E001CEA07 /* ARRAY_INTEGER.cpp in Sources */,
				D13E88A013543F3800C1F956 /* ARRAY_REAL.cpp in Sources */,
				D1392DD513582164004911A5 /* C_PICTURE.cpp in Sources */,
				D1392DD913582171004911A5 /* C_BLOB.cpp in Sources */,
				D10DD2C4135FA56100319781 /* C_TIME.cpp in Sources */,
				D10DD2EB135FAB2F00319781 /* C_DATE.cpp in Sources */,
				D16AC3AA147CB499000AA750 /* ARRAY_BOOLEAN.cpp in Sources */,
				D1D4835C18A85B9C00AEC315 /* helper.mm in Sources */,
				D1D4836218A85BAD00AEC315 /* listener.mm in Sources */,
				D1D4836418A85BAD00AEC315 /* PAListener.mm in Sources */,
				D1D4837D18A8608100AEC315 /* ical_timezome.mm in Sources */,
				D1D4839318A861A300AEC315 /* ical_event.mm in Sources */,
				D1D4839618A861C500AEC315 /* ical_support.mm in Sources */,
				D1D483DA18A8676200AEC315 /* ical_tools.mm in Sources */,
				D1D484A318A88C7200AEC315 /* ical_application.mm in Sources */,
				D1389BD218A8A167001BB845 /* ical_calendar_store.mm in Sources */,
				D1389BD618A8A174001BB845 /* ical_calendar.mm in Sources */,
				D1389C1818A8AB8C001BB845 /* ical_alarm.mm in Sources */,
				D1389C3418A8AEEE001BB845 /* ical_task.mm in Sources */,
			);
			runOnlyForDeploymentPostprocessing = 0;
		};
/* End PBXSourcesBuildPhase section */

/* Begin PBXVariantGroup section */
		089C167DFE841241C02AAC07 /* InfoPlist.strings */ = {
			isa = PBXVariantGroup;
			children = (
				089C167EFE841241C02AAC07 /* English */,
			);
			name = InfoPlist.strings;
			sourceTree = "<group>";
		};
/* End PBXVariantGroup section */

/* Begin XCBuildConfiguration section */
		42D60B400A9DDBC8002ABB42 /* Development */ = {
			isa = XCBuildConfiguration;
			buildSettings = {
				ARCHS = "$(ARCHS_STANDARD_32_BIT_PRE_XCODE_3_1)";
				ARCHS_STANDARD_32_BIT_PRE_XCODE_3_1 = "ppc i386";
				COPY_PHASE_STRIP = NO;
				DEBUGGING_SYMBOLS = YES;
				DEPLOYMENT_LOCATION = NO;
				FRAMEWORK_SEARCH_PATHS = "";
				GCC_DYNAMIC_NO_PIC = NO;
				GCC_ENABLE_FIX_AND_CONTINUE = YES;
				GCC_ENABLE_TRIGRAPHS = NO;
				GCC_GENERATE_DEBUGGING_SYMBOLS = YES;
				GCC_OPTIMIZATION_LEVEL = 0;
				GCC_PRECOMPILE_PREFIX_HEADER = YES;
				GCC_PREFIX_HEADER = "4D Plugin_Prefix.pch";
				GCC_VERSION = "";
				GCC_WARN_ABOUT_MISSING_PROTOTYPES = NO;
				GCC_WARN_FOUR_CHARACTER_CONSTANTS = NO;
				GCC_WARN_UNKNOWN_PRAGMAS = NO;
				HEADER_SEARCH_PATHS = "";
				INFOPLIST_FILE = Info.plist;
				INSTALL_PATH = "$(HOME)/Library/Bundles";
				LIBRARY_SEARCH_PATHS = "";
				LIBRARY_STYLE = Bundle;
				MACOSX_DEPLOYMENT_TARGET = 10.5;
				OTHER_CFLAGS = "";
				OTHER_LDFLAGS = "";
				OTHER_REZFLAGS = "";
				PRODUCT_NAME = iCal;
				SDKROOT = "$(DEVELOPER_SDK_DIR)/MacOSX10.6.sdk";
				SECTORDER_FLAGS = "";
				WARNING_CFLAGS = (
					"-Wmost",
					"-Wno-four-char-constants",
					"-Wno-unknown-pragmas",
				);
				WRAPPER_EXTENSION = bundle;
				ZERO_LINK = YES;
			};
			name = Development;
		};
		42D60B410A9DDBC8002ABB42 /* Deployment */ = {
			isa = XCBuildConfiguration;
			buildSettings = {
				ARCHS = "$(ARCHS_STANDARD_32_BIT_PRE_XCODE_3_1)";
				ARCHS_STANDARD_32_BIT_PRE_XCODE_3_1 = "ppc i386";
				COPY_PHASE_STRIP = YES;
				DEPLOYMENT_LOCATION = NO;
				FRAMEWORK_SEARCH_PATHS = "";
				GCC_ENABLE_FIX_AND_CONTINUE = NO;
				GCC_ENABLE_TRIGRAPHS = NO;
				GCC_GENERATE_DEBUGGING_SYMBOLS = NO;
				GCC_PRECOMPILE_PREFIX_HEADER = YES;
				GCC_PREFIX_HEADER = "4D Plugin_Prefix.pch";
				GCC_VERSION = "";
				GCC_WARN_ABOUT_MISSING_PROTOTYPES = NO;
				GCC_WARN_FOUR_CHARACTER_CONSTANTS = NO;
				GCC_WARN_UNKNOWN_PRAGMAS = NO;
				HEADER_SEARCH_PATHS = "";
				INFOPLIST_FILE = Info.plist;
				INSTALL_PATH = "$(HOME)/Library/Bundles";
				LIBRARY_SEARCH_PATHS = "";
				LIBRARY_STYLE = Bundle;
				MACOSX_DEPLOYMENT_TARGET = 10.5;
				OTHER_CFLAGS = "";
				OTHER_LDFLAGS = "";
				OTHER_REZFLAGS = "";
				PRODUCT_NAME = iCal;
				SDKROOT = "$(DEVELOPER_SDK_DIR)/MacOSX10.6.sdk";
				SECTORDER_FLAGS = "";
				WARNING_CFLAGS = (
					"-Wmost",
					"-Wno-four-char-constants",
					"-Wno-unknown-pragmas",
				);
				WRAPPER_EXTENSION = bundle;
				ZERO_LINK = NO;
			};
			name = Deployment;
		};
		42D60B420A9DDBC8002ABB42 /* Default */ = {
			isa = XCBuildConfiguration;
			buildSettings = {
				ARCHS = "$(ARCHS_STANDARD_32_BIT_PRE_XCODE_3_1)";
				ARCHS_STANDARD_32_BIT_PRE_XCODE_3_1 = "ppc i386";
				DEPLOYMENT_LOCATION = NO;
				FRAMEWORK_SEARCH_PATHS = "";
				GCC_ENABLE_TRIGRAPHS = NO;
				GCC_GENERATE_DEBUGGING_SYMBOLS = NO;
				GCC_PRECOMPILE_PREFIX_HEADER = YES;
				GCC_PREFIX_HEADER = "4D Plugin_Prefix.pch";
				GCC_VERSION = "";
				GCC_WARN_ABOUT_MISSING_PROTOTYPES = NO;
				GCC_WARN_FOUR_CHARACTER_CONSTANTS = NO;
				GCC_WARN_UNKNOWN_PRAGMAS = NO;
				HEADER_SEARCH_PATHS = "";
				INFOPLIST_FILE = Info.plist;
				INSTALL_PATH = "$(HOME)/Library/Bundles";
				LIBRARY_SEARCH_PATHS = "";
				LIBRARY_STYLE = Bundle;
				MACOSX_DEPLOYMENT_TARGET = 10.5;
				OTHER_CFLAGS = "";
				OTHER_LDFLAGS = "";
				OTHER_REZFLAGS = "";
				PRODUCT_NAME = iCal;
				SDKROOT = "$(DEVELOPER_SDK_DIR)/MacOSX10.6.sdk";
				SECTORDER_FLAGS = "";
				WARNING_CFLAGS = (
					"-Wmost",
					"-Wno-four-char-constants",
					"-Wno-unknown-pragmas",
				);
				WRAPPER_EXTENSION = bundle;
			};
			name = Default;
		};
		42D60B440A9DDBC8002ABB42 /* Development */ = {
			isa = XCBuildConfiguration;
			buildSettings = {
				ARCHS = "$(ARCHS_STANDARD_32_BIT_PRE_XCODE_3_1)";
				ARCHS_STANDARD_32_BIT_PRE_XCODE_3_1 = "ppc i386";
				CONFIGURATION_BUILD_DIR = "$(BUILD_DIR)";
				GCC_INLINES_ARE_PRIVATE_EXTERN = YES;
				GCC_SYMBOLS_PRIVATE_EXTERN = YES;
				GCC_VERSION = 4.2;
				MACOSX_DEPLOYMENT_TARGET = 10.5;
				OBJROOT = "$(SRCROOT)/build";
				SDKROOT = "$(DEVELOPER_SDK_DIR)/MacOSX10.6.sdk";
				SYMROOT = "$(SRCROOT)/iCal.4dbase/Plugins";
			};
			name = Development;
		};
		42D60B450A9DDBC8002ABB42 /* Deployment */ = {
			isa = XCBuildConfiguration;
			buildSettings = {
				ARCHS = "$(ARCHS_STANDARD_32_BIT_PRE_XCODE_3_1)";
				ARCHS_STANDARD_32_BIT_PRE_XCODE_3_1 = "ppc i386";
				CONFIGURATION_BUILD_DIR = "$(BUILD_DIR)";
				GCC_INLINES_ARE_PRIVATE_EXTERN = YES;
				GCC_SYMBOLS_PRIVATE_EXTERN = YES;
				GCC_VERSION = 4.2;
				MACOSX_DEPLOYMENT_TARGET = 10.5;
				OBJROOT = "$(SRCROOT)/build";
				SDKROOT = "$(DEVELOPER_SDK_DIR)/MacOSX10.6.sdk";
				SYMROOT = "$(SRCROOT)/iCal.4dbase/Plugins";
			};
			name = Deployment;
		};
		42D60B460A9DDBC8002ABB42 /* Default */ = {
			isa = XCBuildConfiguration;
			buildSettings = {
				ARCHS = "$(ARCHS_STANDARD_32_BIT_PRE_XCODE_3_1)";
				ARCHS_STANDARD_32_BIT_PRE_XCODE_3_1 = "ppc i386";
				GCC_INLINES_ARE_PRIVATE_EXTERN = YES;
				GCC_SYMBOLS_PRIVATE_EXTERN = YES;
				GCC_VERSION = 4.2;
				MACOSX_DEPLOYMENT_TARGET = 10.5;
				SDKROOT = "$(DEVELOPER_SDK_DIR)/MacOSX10.6.sdk";
				SYMROOT = "$(SRCROOT)/iCal.4dbase/Plugins";
			};
			name = Default;
		};
/* End XCBuildConfiguration section */

/* Begin XCConfigurationList section */
		42D60B3F0A9DDBC8002ABB42 /* Build configuration list for PBXNativeTarget "iCal" */ = {
			isa = XCConfigurationList;
			buildConfigurations = (
				42D60B400A9DDBC8002ABB42 /* Development */,
				42D60B410A9DDBC8002ABB42 /* Deployment */,
				42D60B420A9DDBC8002ABB42 /* Default */,
			);
			defaultConfigurationIsVisible = 0;
			defaultConfigurationName = Default;
		};
		42D60B430A9DDBC8002ABB42 /* Build configuration list for PBXProject "iCal" */ = {
			isa = XCConfigurationList;
			buildConfigurations = (
				42D60B440A9DDBC8002ABB42 /* Development */,
				42D60B450A9DDBC8002ABB42 /* Deployment */,
				42D60B460A9DDBC8002ABB42 /* Default */,
			);
			defaultConfigurationIsVisible = 0;
			defaultConfigurationName = Default;
		};
/* End XCConfigurationList section */
	};
	rootObject = 089C1669FE841209C02AAC07 /* Project object */;
}
